// !$*UTF8*$!
{
	archiveVersion = 1;
	classes = {
	};
	objectVersion = 50;
	objects = {

/* Begin PBXBuildFile section */
		042B721E251A292700822939 /* AppDelegate.swift in Sources */ = {isa = PBXBuildFile; fileRef = 042B721D251A292700822939 /* AppDelegate.swift */; };
		042B7220251A292700822939 /* SceneDelegate.swift in Sources */ = {isa = PBXBuildFile; fileRef = 042B721F251A292700822939 /* SceneDelegate.swift */; };
		042B7222251A292700822939 /* ViewController.swift in Sources */ = {isa = PBXBuildFile; fileRef = 042B7221251A292700822939 /* ViewController.swift */; };
		042B7225251A292700822939 /* Main.storyboard in Resources */ = {isa = PBXBuildFile; fileRef = 042B7223251A292700822939 /* Main.storyboard */; };
		042B7227251A292800822939 /* Assets.xcassets in Resources */ = {isa = PBXBuildFile; fileRef = 042B7226251A292800822939 /* Assets.xcassets */; };
		042B722A251A292800822939 /* LaunchScreen.storyboard in Resources */ = {isa = PBXBuildFile; fileRef = 042B7228251A292800822939 /* LaunchScreen.storyboard */; };
		C4F975CEA3C049F63FF4F866 /* Pods_KingFisherDemo.framework in Frameworks */ = {isa = PBXBuildFile; fileRef = F81C8419269178CE00752033 /* Pods_KingFisherDemo.framework */; };
/* End PBXBuildFile section */

/* Begin PBXFileReference section */
		042B721A251A292700822939 /* KingFisherDemo.app */ = {isa = PBXFileReference; explicitFileType = wrapper.application; includeInIndex = 0; path = KingFisherDemo.app; sourceTree = BUILT_PRODUCTS_DIR; };
		042B721D251A292700822939 /* AppDelegate.swift */ = {isa = PBXFileReference; lastKnownFileType = sourcecode.swift; path = AppDelegate.swift; sourceTree = "<group>"; };
		042B721F251A292700822939 /* SceneDelegate.swift */ = {isa = PBXFileReference; lastKnownFileType = sourcecode.swift; path = SceneDelegate.swift; sourceTree = "<group>"; };
		042B7221251A292700822939 /* ViewController.swift */ = {isa = PBXFileReference; lastKnownFileType = sourcecode.swift; path = ViewController.swift; sourceTree = "<group>"; };
		042B7224251A292700822939 /* Base */ = {isa = PBXFileReference; lastKnownFileType = file.storyboard; name = Base; path = Base.lproj/Main.storyboard; sourceTree = "<group>"; };
		042B7226251A292800822939 /* Assets.xcassets */ = {isa = PBXFileReference; lastKnownFileType = folder.assetcatalog; path = Assets.xcassets; sourceTree = "<group>"; };
		042B7229251A292800822939 /* Base */ = {isa = PBXFileReference; lastKnownFileType = file.storyboard; name = Base; path = Base.lproj/LaunchScreen.storyboard; sourceTree = "<group>"; };
		042B722B251A292800822939 /* Info.plist */ = {isa = PBXFileReference; lastKnownFileType = text.plist.xml; path = Info.plist; sourceTree = "<group>"; };
		5A8F2EB9989F1763EB0CAC19 /* Pods-KingFisherDemo.debug.xcconfig */ = {isa = PBXFileReference; includeInIndex = 1; lastKnownFileType = text.xcconfig; name = "Pods-KingFisherDemo.debug.xcconfig"; path = "Target Support Files/Pods-KingFisherDemo/Pods-KingFisherDemo.debug.xcconfig"; sourceTree = "<group>"; };
		62629599E1AD17277C1B9CD1 /* Pods-KingFisherDemo.release.xcconfig */ = {isa = PBXFileReference; includeInIndex = 1; lastKnownFileType = text.xcconfig; name = "Pods-KingFisherDemo.release.xcconfig"; path = "Target Support Files/Pods-KingFisherDemo/Pods-KingFisherDemo.release.xcconfig"; sourceTree = "<group>"; };
		F81C8419269178CE00752033 /* Pods_KingFisherDemo.framework */ = {isa = PBXFileReference; explicitFileType = wrapper.framework; includeInIndex = 0; path = Pods_KingFisherDemo.framework; sourceTree = BUILT_PRODUCTS_DIR; };
/* End PBXFileReference section */

/* Begin PBXFrameworksBuildPhase section */
		042B7217251A292700822939 /* Frameworks */ = {
			isa = PBXFrameworksBuildPhase;
			buildActionMask = 2147483647;
			files = (
				C4F975CEA3C049F63FF4F866 /* Pods_KingFisherDemo.framework in Frameworks */,
			);
			runOnlyForDeploymentPostprocessing = 0;
		};
/* End PBXFrameworksBuildPhase section */

/* Begin PBXGroup section */
		042B7211251A292700822939 = {
			isa = PBXGroup;
			children = (
				042B721C251A292700822939 /* KingFisherDemo */,
				042B721B251A292700822939 /* Products */,
				B138C9077D22E42C83E39F7F /* Pods */,
				6976B3F79A562FA01A055CA8 /* Frameworks */,
			);
			sourceTree = "<group>";
		};
		042B721B251A292700822939 /* Products */ = {
			isa = PBXGroup;
			children = (
				042B721A251A292700822939 /* KingFisherDemo.app */,
			);
			name = Products;
			sourceTree = "<group>";
		};
		042B721C251A292700822939 /* KingFisherDemo */ = {
			isa = PBXGroup;
			children = (
				042B721D251A292700822939 /* AppDelegate.swift */,
				042B721F251A292700822939 /* SceneDelegate.swift */,
				042B7221251A292700822939 /* ViewController.swift */,
				042B7223251A292700822939 /* Main.storyboard */,
				042B7226251A292800822939 /* Assets.xcassets */,
				042B7228251A292800822939 /* LaunchScreen.storyboard */,
				042B722B251A292800822939 /* Info.plist */,
			);
			path = KingFisherDemo;
			sourceTree = "<group>";
		};
		6976B3F79A562FA01A055CA8 /* Frameworks */ = {
			isa = PBXGroup;
			children = (
				F81C8419269178CE00752033 /* Pods_KingFisherDemo.framework */,
			);
			name = Frameworks;
			sourceTree = "<group>";
		};
		B138C9077D22E42C83E39F7F /* Pods */ = {
			isa = PBXGroup;
			children = (
				5A8F2EB9989F1763EB0CAC19 /* Pods-KingFisherDemo.debug.xcconfig */,
				62629599E1AD17277C1B9CD1 /* Pods-KingFisherDemo.release.xcconfig */,
			);
			name = Pods;
			path = Pods;
			sourceTree = "<group>";
		};
/* End PBXGroup section */

/* Begin PBXNativeTarget section */
		042B7219251A292700822939 /* KingFisherDemo */ = {
			isa = PBXNativeTarget;
			buildConfigurationList = 042B722E251A292800822939 /* Build configuration list for PBXNativeTarget "KingFisherDemo" */;
			buildPhases = (
				DE7453B209A52A1A48D52727 /* [CP] Check Pods Manifest.lock */,
				042B7216251A292700822939 /* Sources */,
				042B7217251A292700822939 /* Frameworks */,
				042B7218251A292700822939 /* Resources */,
				A9906CDEA0C07933E383E9D9 /* [CP] Embed Pods Frameworks */,
			);
			buildRules = (
			);
			dependencies = (
			);
			name = KingFisherDemo;
			productName = KingFisherDemo;
			productReference = 042B721A251A292700822939 /* KingFisherDemo.app */;
			productType = "com.apple.product-type.application";
		};
/* End PBXNativeTarget section */

/* Begin PBXProject section */
		042B7212251A292700822939 /* Project object */ = {
			isa = PBXProject;
			attributes = {
				LastSwiftUpdateCheck = 1200;
				LastUpgradeCheck = 1200;
				TargetAttributes = {
					042B7219251A292700822939 = {
						CreatedOnToolsVersion = 12.0;
					};
				};
			};
			buildConfigurationList = 042B7215251A292700822939 /* Build configuration list for PBXProject "KingFisherDemo" */;
			compatibilityVersion = "Xcode 9.3";
			developmentRegion = en;
			hasScannedForEncodings = 0;
			knownRegions = (
				en,
				Base,
			);
			mainGroup = 042B7211251A292700822939;
			productRefGroup = 042B721B251A292700822939 /* Products */;
			projectDirPath = "";
			projectRoot = "";
			targets = (
				042B7219251A292700822939 /* KingFisherDemo */,
			);
		};
/* End PBXProject section */

/* Begin PBXResourcesBuildPhase section */
		042B7218251A292700822939 /* Resources */ = {
			isa = PBXResourcesBuildPhase;
			buildActionMask = 2147483647;
			files = (
				042B722A251A292800822939 /* LaunchScreen.storyboard in Resources */,
				042B7227251A292800822939 /* Assets.xcassets in Resources */,
				042B7225251A292700822939 /* Main.storyboard in Resources */,
			);
			runOnlyForDeploymentPostprocessing = 0;
		};
/* End PBXResourcesBuildPhase section */

/* Begin PBXShellScriptBuildPhase section */
		A9906CDEA0C07933E383E9D9 /* [CP] Embed Pods Frameworks */ = {
			isa = PBXShellScriptBuildPhase;
			buildActionMask = 2147483647;
			files = (
			);
			inputFileListPaths = (
				"${PODS_ROOT}/Target Support Files/Pods-KingFisherDemo/Pods-KingFisherDemo-frameworks-${CONFIGURATION}-input-files.xcfilelist",
			);
			name = "[CP] Embed Pods Frameworks";
			outputFileListPaths = (
				"${PODS_ROOT}/Target Support Files/Pods-KingFisherDemo/Pods-KingFisherDemo-frameworks-${CONFIGURATION}-output-files.xcfilelist",
			);
			runOnlyForDeploymentPostprocessing = 0;
			shellPath = /bin/sh;
			shellScript = "\"${PODS_ROOT}/Target Support Files/Pods-KingFisherDemo/Pods-KingFisherDemo-frameworks.sh\"\n";
			showEnvVarsInLog = 0;
		};
		DE7453B209A52A1A48D52727 /* [CP] Check Pods Manifest.lock */ = {
			isa = PBXShellScriptBuildPhase;
			buildActionMask = 2147483647;
			files = (
			);
			inputFileListPaths = (
			);
			inputPaths = (
				"${PODS_PODFILE_DIR_PATH}/Podfile.lock",
				"${PODS_ROOT}/Manifest.lock",
			);
			name = "[CP] Check Pods Manifest.lock";
			outputFileListPaths = (
			);
			outputPaths = (
				"$(DERIVED_FILE_DIR)/Pods-KingFisherDemo-checkManifestLockResult.txt",
			);
			runOnlyForDeploymentPostprocessing = 0;
			shellPath = /bin/sh;
			shellScript = "diff \"${PODS_PODFILE_DIR_PATH}/Podfile.lock\" \"${PODS_ROOT}/Manifest.lock\" > /dev/null\nif [ $? != 0 ] ; then\n    # print error to STDERR\n    echo \"error: The sandbox is not in sync with the Podfile.lock. Run 'pod install' or update your CocoaPods installation.\" >&2\n    exit 1\nfi\n# This output is used by Xcode 'outputs' to avoid re-running this script phase.\necho \"SUCCESS\" > \"${SCRIPT_OUTPUT_FILE_0}\"\n";
			showEnvVarsInLog = 0;
		};
/* End PBXShellScriptBuildPhase section */

/* Begin PBXSourcesBuildPhase section */
		042B7216251A292700822939 /* Sources */ = {
			isa = PBXSourcesBuildPhase;
			buildActionMask = 2147483647;
			files = (
				042B7222251A292700822939 /* ViewController.swift in Sources */,
				042B721E251A292700822939 /* AppDelegate.swift in Sources */,
				042B7220251A292700822939 /* SceneDelegate.swift in Sources */,
			);
			runOnlyForDeploymentPostprocessing = 0;
		};
/* End PBXSourcesBuildPhase section */

/* Begin PBXVariantGroup section */
		042B7223251A292700822939 /* Main.storyboard */ = {
			isa = PBXVariantGroup;
			children = (
				042B7224251A292700822939 /* Base */,
			);
			name = Main.storyboard;
			sourceTree = "<group>";
		};
		042B7228251A292800822939 /* LaunchScreen.storyboard */ = {
			isa = PBXVariantGroup;
			children = (
				042B7229251A292800822939 /* Base */,
			);
			name = LaunchScreen.storyboard;
			sourceTree = "<group>";
		};
/* End PBXVariantGroup section */

/* Begin XCBuildConfiguration section */
		042B722C251A292800822939 /* Debug */ = {
			isa = XCBuildConfiguration;
			buildSettings = {
				ALWAYS_SEARCH_USER_PATHS = NO;
				CLANG_ANALYZER_NONNULL = YES;
				CLANG_ANALYZER_NUMBER_OBJECT_CONVERSION = YES_AGGRESSIVE;
				CLANG_CXX_LANGUAGE_STANDARD = "gnu++14";
				CLANG_CXX_LIBRARY = "libc++";
				CLANG_ENABLE_MODULES = YES;
				CLANG_ENABLE_OBJC_ARC = YES;
				CLANG_ENABLE_OBJC_WEAK = YES;
				CLANG_WARN_BLOCK_CAPTURE_AUTORELEASING = YES;
				CLANG_WARN_BOOL_CONVERSION = YES;
				CLANG_WARN_COMMA = YES;
				CLANG_WARN_CONSTANT_CONVERSION = YES;
				CLANG_WARN_DEPRECATED_OBJC_IMPLEMENTATIONS = YES;
				CLANG_WARN_DIRECT_OBJC_ISA_USAGE = YES_ERROR;
				CLANG_WARN_DOCUMENTATION_COMMENTS = YES;
				CLANG_WARN_EMPTY_BODY = YES;
				CLANG_WARN_ENUM_CONVERSION = YES;
				CLANG_WARN_INFINITE_RECURSION = YES;
				CLANG_WARN_INT_CONVERSION = YES;
				CLANG_WARN_NON_LITERAL_NULL_CONVERSION = YES;
				CLANG_WARN_OBJC_IMPLICIT_RETAIN_SELF = YES;
				CLANG_WARN_OBJC_LITERAL_CONVERSION = YES;
				CLANG_WARN_OBJC_ROOT_CLASS = YES_ERROR;
				CLANG_WARN_QUOTED_INCLUDE_IN_FRAMEWORK_HEADER = YES;
				CLANG_WARN_RANGE_LOOP_ANALYSIS = YES;
				CLANG_WARN_STRICT_PROTOTYPES = YES;
				CLANG_WARN_SUSPICIOUS_MOVE = YES;
				CLANG_WARN_UNGUARDED_AVAILABILITY = YES_AGGRESSIVE;
				CLANG_WARN_UNREACHABLE_CODE = YES;
				CLANG_WARN__DUPLICATE_METHOD_MATCH = YES;
				COPY_PHASE_STRIP = NO;
				DEBUG_INFORMATION_FORMAT = dwarf;
				ENABLE_STRICT_OBJC_MSGSEND = YES;
				ENABLE_TESTABILITY = YES;
				GCC_C_LANGUAGE_STANDARD = gnu11;
				GCC_DYNAMIC_NO_PIC = NO;
				GCC_NO_COMMON_BLOCKS = YES;
				GCC_OPTIMIZATION_LEVEL = 0;
				GCC_PREPROCESSOR_DEFINITIONS = (
					"DEBUG=1",
					"$(inherited)",
				);
				GCC_WARN_64_TO_32_BIT_CONVERSION = YES;
				GCC_WARN_ABOUT_RETURN_TYPE = YES_ERROR;
				GCC_WARN_UNDECLARED_SELECTOR = YES;
				GCC_WARN_UNINITIALIZED_AUTOS = YES_AGGRESSIVE;
				GCC_WARN_UNUSED_FUNCTION = YES;
				GCC_WARN_UNUSED_VARIABLE = YES;
				IPHONEOS_DEPLOYMENT_TARGET = 14.0;
				MTL_ENABLE_DEBUG_INFO = INCLUDE_SOURCE;
				MTL_FAST_MATH = YES;
				ONLY_ACTIVE_ARCH = YES;
				SDKROOT = iphoneos;
				SWIFT_ACTIVE_COMPILATION_CONDITIONS = DEBUG;
				SWIFT_OPTIMIZATION_LEVEL = "-Onone";
			};
			name = Debug;
		};
		042B722D251A292800822939 /* Release */ = {
			isa = XCBuildConfiguration;
			buildSettings = {
				ALWAYS_SEARCH_USER_PATHS = NO;
				CLANG_ANALYZER_NONNULL = YES;
				CLANG_ANALYZER_NUMBER_OBJECT_CONVERSION = YES_AGGRESSIVE;
				CLANG_CXX_LANGUAGE_STANDARD = "gnu++14";
				CLANG_CXX_LIBRARY = "libc++";
				CLANG_ENABLE_MODULES = YES;
				CLANG_ENABLE_OBJC_ARC = YES;
				CLANG_ENABLE_OBJC_WEAK = YES;
				CLANG_WARN_BLOCK_CAPTURE_AUTORELEASING = YES;
				CLANG_WARN_BOOL_CONVERSION = YES;
				CLANG_WARN_COMMA = YES;
				CLANG_WARN_CONSTANT_CONVERSION = YES;
				CLANG_WARN_DEPRECATED_OBJC_IMPLEMENTATIONS = YES;
				CLANG_WARN_DIRECT_OBJC_ISA_USAGE = YES_ERROR;
				CLANG_WARN_DOCUMENTATION_COMMENTS = YES;
				CLANG_WARN_EMPTY_BODY = YES;
				CLANG_WARN_ENUM_CONVERSION = YES;
				CLANG_WARN_INFINITE_RECURSION = YES;
				CLANG_WARN_INT_CONVERSION = YES;
				CLANG_WARN_NON_LITERAL_NULL_CONVERSION = YES;
				CLANG_WARN_OBJC_IMPLICIT_RETAIN_SELF = YES;
				CLANG_WARN_OBJC_LITERAL_CONVERSION = YES;
				CLANG_WARN_OBJC_ROOT_CLASS = YES_ERROR;
				CLANG_WARN_QUOTED_INCLUDE_IN_FRAMEWORK_HEADER = YES;
				CLANG_WARN_RANGE_LOOP_ANALYSIS = YES;
				CLANG_WARN_STRICT_PROTOTYPES = YES;
				CLANG_WARN_SUSPICIOUS_MOVE = YES;
				CLANG_WARN_UNGUARDED_AVAILABILITY = YES_AGGRESSIVE;
				CLANG_WARN_UNREACHABLE_CODE = YES;
				CLANG_WARN__DUPLICATE_METHOD_MATCH = YES;
				COPY_PHASE_STRIP = NO;
				DEBUG_INFORMATION_FORMAT = "dwarf-with-dsym";
				ENABLE_NS_ASSERTIONS = NO;
				ENABLE_STRICT_OBJC_MSGSEND = YES;
				GCC_C_LANGUAGE_STANDARD = gnu11;
				GCC_NO_COMMON_BLOCKS = YES;
				GCC_WARN_64_TO_32_BIT_CONVERSION = YES;
				GCC_WARN_ABOUT_RETURN_TYPE = YES_ERROR;
				GCC_WARN_UNDECLARED_SELECTOR = YES;
				GCC_WARN_UNINITIALIZED_AUTOS = YES_AGGRESSIVE;
				GCC_WARN_UNUSED_FUNCTION = YES;
				GCC_WARN_UNUSED_VARIABLE = YES;
				IPHONEOS_DEPLOYMENT_TARGET = 14.0;
				MTL_ENABLE_DEBUG_INFO = NO;
				MTL_FAST_MATH = YES;
				SDKROOT = iphoneos;
				SWIFT_COMPILATION_MODE = wholemodule;
				SWIFT_OPTIMIZATION_LEVEL = "-O";
				VALIDATE_PRODUCT = YES;
			};
			name = Release;
		};
		042B722F251A292800822939 /* Debug */ = {
			isa = XCBuildConfiguration;
			baseConfigurationReference = 5A8F2EB9989F1763EB0CAC19 /* Pods-KingFisherDemo.debug.xcconfig */;
			buildSettings = {
				ASSETCATALOG_COMPILER_APPICON_NAME = AppIcon;
				ASSETCATALOG_COMPILER_GLOBAL_ACCENT_COLOR_NAME = AccentColor;
				CODE_SIGN_STYLE = Automatic;
				DEVELOPMENT_TEAM = 857J3M5L6B;
				INFOPLIST_FILE = KingFisherDemo/Info.plist;
				LD_RUNPATH_SEARCH_PATHS = (
					"$(inherited)",
					"@executable_path/Frameworks",
				);
				PRODUCT_BUNDLE_IDENTIFIER = com.Jungsu.KingFisherDemo;
				PRODUCT_NAME = "$(TARGET_NAME)";
				SWIFT_VERSION = 5.0;
				TARGETED_DEVICE_FAMILY = "1,2";
			};
			name = Debug;
		};
		042B7230251A292800822939 /* Release */ = {
			isa = XCBuildConfiguration;
			baseConfigurationReference = 62629599E1AD17277C1B9CD1 /* Pods-KingFisherDemo.release.xcconfig */;
			buildSettings = {
				ASSETCATALOG_COMPILER_APPICON_NAME = AppIcon;
				ASSETCATALOG_COMPILER_GLOBAL_ACCENT_COLOR_NAME = AccentColor;
				CODE_SIGN_STYLE = Automatic;
				DEVELOPMENT_TEAM = 857J3M5L6B;
				INFOPLIST_FILE = KingFisherDemo/Info.plist;
				LD_RUNPATH_SEARCH_PATHS = (
					"$(inherited)",
					"@executable_path/Frameworks",
				);
				PRODUCT_BUNDLE_IDENTIFIER = com.Jungsu.KingFisherDemo;
				PRODUCT_NAME = "$(TARGET_NAME)";
				SWIFT_VERSION = 5.0;
				TARGETED_DEVICE_FAMILY = "1,2";
			};
			name = Release;
		};
/* End XCBuildConfiguration section */

/* Begin XCConfigurationList section */
		042B7215251A292700822939 /* Build configuration list for PBXProject "KingFisherDemo" */ = {
			isa = XCConfigurationList;
			buildConfigurations = (
				042B722C251A292800822939 /* Debug */,
				042B722D251A292800822939 /* Release */,
			);
			defaultConfigurationIsVisible = 0;
			defaultConfigurationName = Release;
		};
		042B722E251A292800822939 /* Build configuration list for PBXNativeTarget "KingFisherDemo" */ = {
			isa = XCConfigurationList;
			buildConfigurations = (
				042B722F251A292800822939 /* Debug */,
				042B7230251A292800822939 /* Release */,
			);
			defaultConfigurationIsVisible = 0;
			defaultConfigurationName = Release;
		};
/* End XCConfigurationList section */
	};
	rootObject = 042B7212251A292700822939 /* Project object */;
}
